
Microsoft Visual Studio Solution File, Format Version 12.00
# Visual Studio Version 16
VisualStudioVersion = 16.0.30413.136
MinimumVisualStudioVersion = 10.0.40219.1
Project("{FAE04EC0-301F-11D3-BF4B-00C04F79EFBC}") = "Tipos de error", "Tipos de error\Tipos de error.csproj", "{1249F665-0C39-434A-BC92-FAEE37B612F3}"
EndProject
Global
	GlobalSection(SolutionConfigurationPlatforms) = preSolution
		Debug|Any CPU = Debug|Any CPU
		Release|Any CPU = Release|Any CPU
	EndGlobalSection
	GlobalSection(ProjectConfigurationPlatforms) = postSolution
		{1249F665-0C39-434A-BC92-FAEE37B612F3}.Debug|Any CPU.ActiveCfg = Debug|Any CPU
		{1249F665-0C39-434A-BC92-FAEE37B612F3}.Debug|Any CPU.Build.0 = Debug|Any CPU
		{1249F665-0C39-434A-BC92-FAEE37B612F3}.Release|Any CPU.ActiveCfg = Release|Any CPU
		{1249F665-0C39-434A-BC92-FAEE37B612F3}.Release|Any CPU.Build.0 = Release|Any CPU
	EndGlobalSection
	GlobalSection(SolutionProperties) = preSolution
		HideSolutionNode = FALSE
	EndGlobalSection
	GlobalSection(ExtensibilityGlobals) = postSolution
		SolutionGuid = {7C391B66-9520-476A-9083-624E7C7A8371}
	EndGlobalSection
EndGlobal
